
Microsoft Visual Studio Solution File, Format Version 12.00
# Visual Studio Version 17
VisualStudioVersion = 17.6.33829.357
MinimumVisualStudioVersion = 10.0.40219.1
Project("{FAE04EC0-301F-11D3-BF4B-00C04F79EFBC}") = "DTX", "DTX\DTX.csproj", "{D7E4296C-578C-4E52-9F3C-E248B091424C}"
EndProject
Global
	GlobalSection(SolutionConfigurationPlatforms) = preSolution
		Debug|Any CPU = Debug|Any CPU
		Release|Any CPU = Release|Any CPU
	EndGlobalSection
	GlobalSection(ProjectConfigurationPlatforms) = postSolution
		{D7E4296C-578C-4E52-9F3C-E248B091424C}.Debug|Any CPU.ActiveCfg = Debug|Any CPU
		{D7E4296C-578C-4E52-9F3C-E248B091424C}.Debug|Any CPU.Build.0 = Debug|Any CPU
		{D7E4296C-578C-4E52-9F3C-E248B091424C}.Release|Any CPU.ActiveCfg = Release|Any CPU
		{D7E4296C-578C-4E52-9F3C-E248B091424C}.Release|Any CPU.Build.0 = Release|Any CPU
	EndGlobalSection
	GlobalSection(SolutionProperties) = preSolution
		HideSolutionNode = FALSE
	EndGlobalSection
	GlobalSection(ExtensibilityGlobals) = postSolution
		SolutionGuid = {693E2C9C-308F-495B-9D9A-B5829C6FA1A2}
	EndGlobalSection
EndGlobal
